
Microsoft Visual Studio Solution File, Format Version 12.00
# Visual Studio Version 16
VisualStudioVersion = 16.0.31702.278
MinimumVisualStudioVersion = 10.0.40219.1
Project("{FAE04EC0-301F-11D3-BF4B-00C04F79EFBC}") = "Technical Homework 4", "Technical Homework 4.csproj", "{3A540DE8-FCC4-4EE8-8245-A8B3D8043C9D}"
EndProject
Global
	GlobalSection(SolutionConfigurationPlatforms) = preSolution
		Debug|Any CPU = Debug|Any CPU
		Release|Any CPU = Release|Any CPU
	EndGlobalSection
	GlobalSection(ProjectConfigurationPlatforms) = postSolution
		{3A540DE8-FCC4-4EE8-8245-A8B3D8043C9D}.Debug|Any CPU.ActiveCfg = Debug|Any CPU
		{3A540DE8-FCC4-4EE8-8245-A8B3D8043C9D}.Debug|Any CPU.Build.0 = Debug|Any CPU
		{3A540DE8-FCC4-4EE8-8245-A8B3D8043C9D}.Release|Any CPU.ActiveCfg = Release|Any CPU
		{3A540DE8-FCC4-4EE8-8245-A8B3D8043C9D}.Release|Any CPU.Build.0 = Release|Any CPU
	EndGlobalSection
	GlobalSection(SolutionProperties) = preSolution
		HideSolutionNode = FALSE
	EndGlobalSection
	GlobalSection(ExtensibilityGlobals) = postSolution
		SolutionGuid = {7EF6DD2C-0875-48D3-92E6-36508299A086}
	EndGlobalSection
EndGlobal
